// !$*UTF8*$!
{
	archiveVersion = 1;
	classes = {
	};
	objectVersion = 55;
	objects = {

/* Begin PBXBuildFile section */
		C682D2132AABDC7A00E2EDB5 /* AppDelegate.swift in Sources */ = {isa = PBXBuildFile; fileRef = C682D2122AABDC7A00E2EDB5 /* AppDelegate.swift */; };
		C682D2152AABDC7A00E2EDB5 /* SceneDelegate.swift in Sources */ = {isa = PBXBuildFile; fileRef = C682D2142AABDC7A00E2EDB5 /* SceneDelegate.swift */; };
		C682D21A2AABDC7A00E2EDB5 /* Main.storyboard in Resources */ = {isa = PBXBuildFile; fileRef = C682D2182AABDC7A00E2EDB5 /* Main.storyboard */; };
		C682D21D2AABDC7A00E2EDB5 /* Notas__diarias.xcdatamodeld in Sources */ = {isa = PBXBuildFile; fileRef = C682D21B2AABDC7A00E2EDB5 /* Notas__diarias.xcdatamodeld */; };
		C682D21F2AABDC7C00E2EDB5 /* Assets.xcassets in Resources */ = {isa = PBXBuildFile; fileRef = C682D21E2AABDC7C00E2EDB5 /* Assets.xcassets */; };
		C682D2222AABDC7C00E2EDB5 /* LaunchScreen.storyboard in Resources */ = {isa = PBXBuildFile; fileRef = C682D2202AABDC7C00E2EDB5 /* LaunchScreen.storyboard */; };
		C682D22A2AABE49700E2EDB5 /* ListarAnotacoesTableViewController.swift in Sources */ = {isa = PBXBuildFile; fileRef = C682D2292AABE49700E2EDB5 /* ListarAnotacoesTableViewController.swift */; };
		C682D22C2AABE55100E2EDB5 /* AnotacaoViewController.swift in Sources */ = {isa = PBXBuildFile; fileRef = C682D22B2AABE55100E2EDB5 /* AnotacaoViewController.swift */; };
/* End PBXBuildFile section */

/* Begin PBXFileReference section */
		C682D20F2AABDC7A00E2EDB5 /* Notas  diarias.app */ = {isa = PBXFileReference; explicitFileType = wrapper.application; includeInIndex = 0; path = "Notas  diarias.app"; sourceTree = BUILT_PRODUCTS_DIR; };
		C682D2122AABDC7A00E2EDB5 /* AppDelegate.swift */ = {isa = PBXFileReference; lastKnownFileType = sourcecode.swift; path = AppDelegate.swift; sourceTree = "<group>"; };
		C682D2142AABDC7A00E2EDB5 /* SceneDelegate.swift */ = {isa = PBXFileReference; lastKnownFileType = sourcecode.swift; path = SceneDelegate.swift; sourceTree = "<group>"; };
		C682D2192AABDC7A00E2EDB5 /* Base */ = {isa = PBXFileReference; lastKnownFileType = file.storyboard; name = Base; path = Base.lproj/Main.storyboard; sourceTree = "<group>"; };
		C682D21C2AABDC7A00E2EDB5 /* Notas__diarias.xcdatamodel */ = {isa = PBXFileReference; lastKnownFileType = wrapper.xcdatamodel; path = Notas__diarias.xcdatamodel; sourceTree = "<group>"; };
		C682D21E2AABDC7C00E2EDB5 /* Assets.xcassets */ = {isa = PBXFileReference; lastKnownFileType = folder.assetcatalog; path = Assets.xcassets; sourceTree = "<group>"; };
		C682D2212AABDC7C00E2EDB5 /* Base */ = {isa = PBXFileReference; lastKnownFileType = file.storyboard; name = Base; path = Base.lproj/LaunchScreen.storyboard; sourceTree = "<group>"; };
		C682D2232AABDC7C00E2EDB5 /* Info.plist */ = {isa = PBXFileReference; lastKnownFileType = text.plist.xml; path = Info.plist; sourceTree = "<group>"; };
		C682D2292AABE49700E2EDB5 /* ListarAnotacoesTableViewController.swift */ = {isa = PBXFileReference; lastKnownFileType = sourcecode.swift; path = ListarAnotacoesTableViewController.swift; sourceTree = "<group>"; };
		C682D22B2AABE55100E2EDB5 /* AnotacaoViewController.swift */ = {isa = PBXFileReference; lastKnownFileType = sourcecode.swift; path = AnotacaoViewController.swift; sourceTree = "<group>"; };
/* End PBXFileReference section */

/* Begin PBXFrameworksBuildPhase section */
		C682D20C2AABDC7A00E2EDB5 /* Frameworks */ = {
			isa = PBXFrameworksBuildPhase;
			buildActionMask = 2147483647;
			files = (
			);
			runOnlyForDeploymentPostprocessing = 0;
		};
/* End PBXFrameworksBuildPhase section */

/* Begin PBXGroup section */
		C682D2062AABDC7A00E2EDB5 = {
			isa = PBXGroup;
			children = (
				C682D2112AABDC7A00E2EDB5 /* Notas  diarias */,
				C682D2102AABDC7A00E2EDB5 /* Products */,
			);
			sourceTree = "<group>";
		};
		C682D2102AABDC7A00E2EDB5 /* Products */ = {
			isa = PBXGroup;
			children = (
				C682D20F2AABDC7A00E2EDB5 /* Notas  diarias.app */,
			);
			name = Products;
			sourceTree = "<group>";
		};
		C682D2112AABDC7A00E2EDB5 /* Notas  diarias */ = {
			isa = PBXGroup;
			children = (
				C682D2122AABDC7A00E2EDB5 /* AppDelegate.swift */,
				C682D2292AABE49700E2EDB5 /* ListarAnotacoesTableViewController.swift */,
				C682D22B2AABE55100E2EDB5 /* AnotacaoViewController.swift */,
				C682D2142AABDC7A00E2EDB5 /* SceneDelegate.swift */,
				C682D2182AABDC7A00E2EDB5 /* Main.storyboard */,
				C682D21E2AABDC7C00E2EDB5 /* Assets.xcassets */,
				C682D2202AABDC7C00E2EDB5 /* LaunchScreen.storyboard */,
				C682D2232AABDC7C00E2EDB5 /* Info.plist */,
				C682D21B2AABDC7A00E2EDB5 /* Notas__diarias.xcdatamodeld */,
			);
			path = "Notas  diarias";
			sourceTree = "<group>";
		};
/* End PBXGroup section */

/* Begin PBXNativeTarget section */
		C682D20E2AABDC7A00E2EDB5 /* Notas  diarias */ = {
			isa = PBXNativeTarget;
			buildConfigurationList = C682D2262AABDC7C00E2EDB5 /* Build configuration list for PBXNativeTarget "Notas  diarias" */;
			buildPhases = (
				C682D20B2AABDC7A00E2EDB5 /* Sources */,
				C682D20C2AABDC7A00E2EDB5 /* Frameworks */,
				C682D20D2AABDC7A00E2EDB5 /* Resources */,
			);
			buildRules = (
			);
			dependencies = (
			);
			name = "Notas  diarias";
			productName = "Notas  diarias";
			productReference = C682D20F2AABDC7A00E2EDB5 /* Notas  diarias.app */;
			productType = "com.apple.product-type.application";
		};
/* End PBXNativeTarget section */

/* Begin PBXProject section */
		C682D2072AABDC7A00E2EDB5 /* Project object */ = {
			isa = PBXProject;
			attributes = {
				BuildIndependentTargetsInParallel = 1;
				LastSwiftUpdateCheck = 1320;
				LastUpgradeCheck = 1320;
				TargetAttributes = {
					C682D20E2AABDC7A00E2EDB5 = {
						CreatedOnToolsVersion = 13.2.1;
					};
				};
			};
			buildConfigurationList = C682D20A2AABDC7A00E2EDB5 /* Build configuration list for PBXProject "Notas  diarias" */;
			compatibilityVersion = "Xcode 13.0";
			developmentRegion = en;
			hasScannedForEncodings = 0;
			knownRegions = (
				en,
				Base,
			);
			mainGroup = C682D2062AABDC7A00E2EDB5;
			productRefGroup = C682D2102AABDC7A00E2EDB5 /* Products */;
			projectDirPath = "";
			projectRoot = "";
			targets = (
				C682D20E2AABDC7A00E2EDB5 /* Notas  diarias */,
			);
		};
/* End PBXProject section */

/* Begin PBXResourcesBuildPhase section */
		C682D20D2AABDC7A00E2EDB5 /* Resources */ = {
			isa = PBXResourcesBuildPhase;
			buildActionMask = 2147483647;
			files = (
				C682D2222AABDC7C00E2EDB5 /* LaunchScreen.storyboard in Resources */,
				C682D21F2AABDC7C00E2EDB5 /* Assets.xcassets in Resources */,
				C682D21A2AABDC7A00E2EDB5 /* Main.storyboard in Resources */,
			);
			runOnlyForDeploymentPostprocessing = 0;
		};
/* End PBXResourcesBuildPhase section */

/* Begin PBXSourcesBuildPhase section */
		C682D20B2AABDC7A00E2EDB5 /* Sources */ = {
			isa = PBXSourcesBuildPhase;
			buildActionMask = 2147483647;
			files = (
				C682D2132AABDC7A00E2EDB5 /* AppDelegate.swift in Sources */,
				C682D22C2AABE55100E2EDB5 /* AnotacaoViewController.swift in Sources */,
				C682D2152AABDC7A00E2EDB5 /* SceneDelegate.swift in Sources */,
				C682D22A2AABE49700E2EDB5 /* ListarAnotacoesTableViewController.swift in Sources */,
				C682D21D2AABDC7A00E2EDB5 /* Notas__diarias.xcdatamodeld in Sources */,
			);
			runOnlyForDeploymentPostprocessing = 0;
		};
/* End PBXSourcesBuildPhase section */

/* Begin PBXVariantGroup section */
		C682D2182AABDC7A00E2EDB5 /* Main.storyboard */ = {
			isa = PBXVariantGroup;
			children = (
				C682D2192AABDC7A00E2EDB5 /* Base */,
			);
			name = Main.storyboard;
			sourceTree = "<group>";
		};
		C682D2202AABDC7C00E2EDB5 /* LaunchScreen.storyboard */ = {
			isa = PBXVariantGroup;
			children = (
				C682D2212AABDC7C00E2EDB5 /* Base */,
			);
			name = LaunchScreen.storyboard;
			sourceTree = "<group>";
		};
/* End PBXVariantGroup section */

/* Begin XCBuildConfiguration section */
		C682D2242AABDC7C00E2EDB5 /* Debug */ = {
			isa = XCBuildConfiguration;
			buildSettings = {
				ALWAYS_SEARCH_USER_PATHS = NO;
				CLANG_ANALYZER_NONNULL = YES;
				CLANG_ANALYZER_NUMBER_OBJECT_CONVERSION = YES_AGGRESSIVE;
				CLANG_CXX_LANGUAGE_STANDARD = "gnu++17";
				CLANG_CXX_LIBRARY = "libc++";
				CLANG_ENABLE_MODULES = YES;
				CLANG_ENABLE_OBJC_ARC = YES;
				CLANG_ENABLE_OBJC_WEAK = YES;
				CLANG_WARN_BLOCK_CAPTURE_AUTORELEASING = YES;
				CLANG_WARN_BOOL_CONVERSION = YES;
				CLANG_WARN_COMMA = YES;
				CLANG_WARN_CONSTANT_CONVERSION = YES;
				CLANG_WARN_DEPRECATED_OBJC_IMPLEMENTATIONS = YES;
				CLANG_WARN_DIRECT_OBJC_ISA_USAGE = YES_ERROR;
				CLANG_WARN_DOCUMENTATION_COMMENTS = YES;
				CLANG_WARN_EMPTY_BODY = YES;
				CLANG_WARN_ENUM_CONVERSION = YES;
				CLANG_WARN_INFINITE_RECURSION = YES;
				CLANG_WARN_INT_CONVERSION = YES;
				CLANG_WARN_NON_LITERAL_NULL_CONVERSION = YES;
				CLANG_WARN_OBJC_IMPLICIT_RETAIN_SELF = YES;
				CLANG_WARN_OBJC_LITERAL_CONVERSION = YES;
				CLANG_WARN_OBJC_ROOT_CLASS = YES_ERROR;
				CLANG_WARN_QUOTED_INCLUDE_IN_FRAMEWORK_HEADER = YES;
				CLANG_WARN_RANGE_LOOP_ANALYSIS = YES;
				CLANG_WARN_STRICT_PROTOTYPES = YES;
				CLANG_WARN_SUSPICIOUS_MOVE = YES;
				CLANG_WARN_UNGUARDED_AVAILABILITY = YES_AGGRESSIVE;
				CLANG_WARN_UNREACHABLE_CODE = YES;
				CLANG_WARN__DUPLICATE_METHOD_MATCH = YES;
				COPY_PHASE_STRIP = NO;
				DEBUG_INFORMATION_FORMAT = dwarf;
				ENABLE_STRICT_OBJC_MSGSEND = YES;
				ENABLE_TESTABILITY = YES;
				GCC_C_LANGUAGE_STANDARD = gnu11;
				GCC_DYNAMIC_NO_PIC = NO;
				GCC_NO_COMMON_BLOCKS = YES;
				GCC_OPTIMIZATION_LEVEL = 0;
				GCC_PREPROCESSOR_DEFINITIONS = (
					"DEBUG=1",
					"$(inherited)",
				);
				GCC_WARN_64_TO_32_BIT_CONVERSION = YES;
				GCC_WARN_ABOUT_RETURN_TYPE = YES_ERROR;
				GCC_WARN_UNDECLARED_SELECTOR = YES;
				GCC_WARN_UNINITIALIZED_AUTOS = YES_AGGRESSIVE;
				GCC_WARN_UNUSED_FUNCTION = YES;
				GCC_WARN_UNUSED_VARIABLE = YES;
				IPHONEOS_DEPLOYMENT_TARGET = 15.2;
				MTL_ENABLE_DEBUG_INFO = INCLUDE_SOURCE;
				MTL_FAST_MATH = YES;
				ONLY_ACTIVE_ARCH = YES;
				SDKROOT = iphoneos;
				SWIFT_ACTIVE_COMPILATION_CONDITIONS = DEBUG;
				SWIFT_OPTIMIZATION_LEVEL = "-Onone";
			};
			name = Debug;
		};
		C682D2252AABDC7C00E2EDB5 /* Release */ = {
			isa = XCBuildConfiguration;
			buildSettings = {
				ALWAYS_SEARCH_USER_PATHS = NO;
				CLANG_ANALYZER_NONNULL = YES;
				CLANG_ANALYZER_NUMBER_OBJECT_CONVERSION = YES_AGGRESSIVE;
				CLANG_CXX_LANGUAGE_STANDARD = "gnu++17";
				CLANG_CXX_LIBRARY = "libc++";
				CLANG_ENABLE_MODULES = YES;
				CLANG_ENABLE_OBJC_ARC = YES;
				CLANG_ENABLE_OBJC_WEAK = YES;
				CLANG_WARN_BLOCK_CAPTURE_AUTORELEASING = YES;
				CLANG_WARN_BOOL_CONVERSION = YES;
				CLANG_WARN_COMMA = YES;
				CLANG_WARN_CONSTANT_CONVERSION = YES;
				CLANG_WARN_DEPRECATED_OBJC_IMPLEMENTATIONS = YES;
				CLANG_WARN_DIRECT_OBJC_ISA_USAGE = YES_ERROR;
				CLANG_WARN_DOCUMENTATION_COMMENTS = YES;
				CLANG_WARN_EMPTY_BODY = YES;
				CLANG_WARN_ENUM_CONVERSION = YES;
				CLANG_WARN_INFINITE_RECURSION = YES;
				CLANG_WARN_INT_CONVERSION = YES;
				CLANG_WARN_NON_LITERAL_NULL_CONVERSION = YES;
				CLANG_WARN_OBJC_IMPLICIT_RETAIN_SELF = YES;
				CLANG_WARN_OBJC_LITERAL_CONVERSION = YES;
				CLANG_WARN_OBJC_ROOT_CLASS = YES_ERROR;
				CLANG_WARN_QUOTED_INCLUDE_IN_FRAMEWORK_HEADER = YES;
				CLANG_WARN_RANGE_LOOP_ANALYSIS = YES;
				CLANG_WARN_STRICT_PROTOTYPES = YES;
				CLANG_WARN_SUSPICIOUS_MOVE = YES;
				CLANG_WARN_UNGUARDED_AVAILABILITY = YES_AGGRESSIVE;
				CLANG_WARN_UNREACHABLE_CODE = YES;
				CLANG_WARN__DUPLICATE_METHOD_MATCH = YES;
				COPY_PHASE_STRIP = NO;
				DEBUG_INFORMATION_FORMAT = "dwarf-with-dsym";
				ENABLE_NS_ASSERTIONS = NO;
				ENABLE_STRICT_OBJC_MSGSEND = YES;
				GCC_C_LANGUAGE_STANDARD = gnu11;
				GCC_NO_COMMON_BLOCKS = YES;
				GCC_WARN_64_TO_32_BIT_CONVERSION = YES;
				GCC_WARN_ABOUT_RETURN_TYPE = YES_ERROR;
				GCC_WARN_UNDECLARED_SELECTOR = YES;
				GCC_WARN_UNINITIALIZED_AUTOS = YES_AGGRESSIVE;
				GCC_WARN_UNUSED_FUNCTION = YES;
				GCC_WARN_UNUSED_VARIABLE = YES;
				IPHONEOS_DEPLOYMENT_TARGET = 15.2;
				MTL_ENABLE_DEBUG_INFO = NO;
				MTL_FAST_MATH = YES;
				SDKROOT = iphoneos;
				SWIFT_COMPILATION_MODE = wholemodule;
				SWIFT_OPTIMIZATION_LEVEL = "-O";
				VALIDATE_PRODUCT = YES;
			};
			name = Release;
		};
		C682D2272AABDC7C00E2EDB5 /* Debug */ = {
			isa = XCBuildConfiguration;
			buildSettings = {
				ASSETCATALOG_COMPILER_APPICON_NAME = AppIcon;
				ASSETCATALOG_COMPILER_GLOBAL_ACCENT_COLOR_NAME = AccentColor;
				CODE_SIGN_STYLE = Automatic;
				CURRENT_PROJECT_VERSION = 1;
				GENERATE_INFOPLIST_FILE = YES;
				INFOPLIST_FILE = "Notas  diarias/Info.plist";
				INFOPLIST_KEY_UIApplicationSupportsIndirectInputEvents = YES;
				INFOPLIST_KEY_UILaunchStoryboardName = LaunchScreen;
				INFOPLIST_KEY_UIMainStoryboardFile = Main;
				INFOPLIST_KEY_UISupportedInterfaceOrientations_iPad = "UIInterfaceOrientationPortrait UIInterfaceOrientationPortraitUpsideDown UIInterfaceOrientationLandscapeLeft UIInterfaceOrientationLandscapeRight";
				INFOPLIST_KEY_UISupportedInterfaceOrientations_iPhone = "UIInterfaceOrientationPortrait UIInterfaceOrientationLandscapeLeft UIInterfaceOrientationLandscapeRight";
				LD_RUNPATH_SEARCH_PATHS = (
					"$(inherited)",
					"@executable_path/Frameworks",
				);
				MARKETING_VERSION = 1.0;
				PRODUCT_BUNDLE_IDENTIFIER = "com.cursoios11.Notas--diarias";
				PRODUCT_NAME = "$(TARGET_NAME)";
				SWIFT_EMIT_LOC_STRINGS = YES;
				SWIFT_VERSION = 5.0;
				TARGETED_DEVICE_FAMILY = "1,2";
			};
			name = Debug;
		};
		C682D2282AABDC7C00E2EDB5 /* Release */ = {
			isa = XCBuildConfiguration;
			buildSettings = {
				ASSETCATALOG_COMPILER_APPICON_NAME = AppIcon;
				ASSETCATALOG_COMPILER_GLOBAL_ACCENT_COLOR_NAME = AccentColor;
				CODE_SIGN_STYLE = Automatic;
				CURRENT_PROJECT_VERSION = 1;
				GENERATE_INFOPLIST_FILE = YES;
				INFOPLIST_FILE = "Notas  diarias/Info.plist";
				INFOPLIST_KEY_UIApplicationSupportsIndirectInputEvents = YES;
				INFOPLIST_KEY_UILaunchStoryboardName = LaunchScreen;
				INFOPLIST_KEY_UIMainStoryboardFile = Main;
				INFOPLIST_KEY_UISupportedInterfaceOrientations_iPad = "UIInterfaceOrientationPortrait UIInterfaceOrientationPortraitUpsideDown UIInterfaceOrientationLandscapeLeft UIInterfaceOrientationLandscapeRight";
				INFOPLIST_KEY_UISupportedInterfaceOrientations_iPhone = "UIInterfaceOrientationPortrait UIInterfaceOrientationLandscapeLeft UIInterfaceOrientationLandscapeRight";
				LD_RUNPATH_SEARCH_PATHS = (
					"$(inherited)",
					"@executable_path/Frameworks",
				);
				MARKETING_VERSION = 1.0;
				PRODUCT_BUNDLE_IDENTIFIER = "com.cursoios11.Notas--diarias";
				PRODUCT_NAME = "$(TARGET_NAME)";
				SWIFT_EMIT_LOC_STRINGS = YES;
				SWIFT_VERSION = 5.0;
				TARGETED_DEVICE_FAMILY = "1,2";
			};
			name = Release;
		};
/* End XCBuildConfiguration section */

/* Begin XCConfigurationList section */
		C682D20A2AABDC7A00E2EDB5 /* Build configuration list for PBXProject "Notas  diarias" */ = {
			isa = XCConfigurationList;
			buildConfigurations = (
				C682D2242AABDC7C00E2EDB5 /* Debug */,
				C682D2252AABDC7C00E2EDB5 /* Release */,
			);
			defaultConfigurationIsVisible = 0;
			defaultConfigurationName = Release;
		};
		C682D2262AABDC7C00E2EDB5 /* Build configuration list for PBXNativeTarget "Notas  diarias" */ = {
			isa = XCConfigurationList;
			buildConfigurations = (
				C682D2272AABDC7C00E2EDB5 /* Debug */,
				C682D2282AABDC7C00E2EDB5 /* Release */,
			);
			defaultConfigurationIsVisible = 0;
			defaultConfigurationName = Release;
		};
/* End XCConfigurationList section */

/* Begin XCVersionGroup section */
		C682D21B2AABDC7A00E2EDB5 /* Notas__diarias.xcdatamodeld */ = {
			isa = XCVersionGroup;
			children = (
				C682D21C2AABDC7A00E2EDB5 /* Notas__diarias.xcdatamodel */,
			);
			currentVersion = C682D21C2AABDC7A00E2EDB5 /* Notas__diarias.xcdatamodel */;
			path = Notas__diarias.xcdatamodeld;
			sourceTree = "<group>";
			versionGroupType = wrapper.xcdatamodel;
		};
/* End XCVersionGroup section */
	};
	rootObject = C682D2072AABDC7A00E2EDB5 /* Project object */;
}
